// !$*UTF8*$!
{
	archiveVersion = 1;
	classes = {
	};
	objectVersion = 46;
	objects = {

/* Begin PBXBuildFile section */
		BA3E9A931B09701D00C87C41 /* AppDelegate.swift in Sources */ = {isa = PBXBuildFile; fileRef = BA3E9A921B09701D00C87C41 /* AppDelegate.swift */; };
		BA3E9A981B09701D00C87C41 /* Main.storyboard in Resources */ = {isa = PBXBuildFile; fileRef = BA3E9A961B09701D00C87C41 /* Main.storyboard */; };
		BA3E9A9D1B09701D00C87C41 /* LaunchScreen.xib in Resources */ = {isa = PBXBuildFile; fileRef = BA3E9A9B1B09701D00C87C41 /* LaunchScreen.xib */; };
		BA3E9AA91B09701D00C87C41 /* BryteYouthInfoCardTests.swift in Sources */ = {isa = PBXBuildFile; fileRef = BA3E9AA81B09701D00C87C41 /* BryteYouthInfoCardTests.swift */; };
		BA4212E61B1EEB2900571F81 /* Background.png in Resources */ = {isa = PBXBuildFile; fileRef = BA4212E51B1EEB2900571F81 /* Background.png */; };
		BA4E3BFE1B275FC2006EDD17 /* InterestsViewController.swift in Sources */ = {isa = PBXBuildFile; fileRef = BA4E3BFD1B275FC2006EDD17 /* InterestsViewController.swift */; };
		BA4E3C001B275FD1006EDD17 /* ProfileViewController.swift in Sources */ = {isa = PBXBuildFile; fileRef = BA4E3BFF1B275FD1006EDD17 /* ProfileViewController.swift */; };
		BA4E3C021B275FE4006EDD17 /* AgeGroupViewController.swift in Sources */ = {isa = PBXBuildFile; fileRef = BA4E3C011B275FE4006EDD17 /* AgeGroupViewController.swift */; };
		BA4E3C041B275FF2006EDD17 /* SubmitViewController.swift in Sources */ = {isa = PBXBuildFile; fileRef = BA4E3C031B275FF2006EDD17 /* SubmitViewController.swift */; };
		BA4E3C061B275FF9006EDD17 /* DoneViewController.swift in Sources */ = {isa = PBXBuildFile; fileRef = BA4E3C051B275FF9006EDD17 /* DoneViewController.swift */; };
		BA4E3C0B1B27779C006EDD17 /* BasePageViewController.swift in Sources */ = {isa = PBXBuildFile; fileRef = BA4E3C0A1B27779C006EDD17 /* BasePageViewController.swift */; };
		BA58AAB91B27B74400426109 /* BYTextField.swift in Sources */ = {isa = PBXBuildFile; fileRef = BA58AAB81B27B74400426109 /* BYTextField.swift */; };
		BAA6837F1B2A014A002C0868 /* BYAgeTableViewCell.swift in Sources */ = {isa = PBXBuildFile; fileRef = BAA6837D1B2A014A002C0868 /* BYAgeTableViewCell.swift */; };
		BAA683801B2A014A002C0868 /* BYAgeTableViewCell.xib in Resources */ = {isa = PBXBuildFile; fileRef = BAA6837E1B2A014A002C0868 /* BYAgeTableViewCell.xib */; };
		BAA683831B2A2389002C0868 /* BYCheckboxTableViewCell.swift in Sources */ = {isa = PBXBuildFile; fileRef = BAA683811B2A2389002C0868 /* BYCheckboxTableViewCell.swift */; };
		BAA683841B2A2389002C0868 /* BYCheckboxTableViewCell.xib in Resources */ = {isa = PBXBuildFile; fileRef = BAA683821B2A2389002C0868 /* BYCheckboxTableViewCell.xib */; };
		BAA683871B2A2689002C0868 /* Checkbox@2x.png in Resources */ = {isa = PBXBuildFile; fileRef = BAA683851B2A2689002C0868 /* Checkbox@2x.png */; };
		BAA683881B2A2689002C0868 /* Checkbox@3x.png in Resources */ = {isa = PBXBuildFile; fileRef = BAA683861B2A2689002C0868 /* Checkbox@3x.png */; };
		BAA6838B1B2A5B56002C0868 /* CheckboxSelected@2x.png in Resources */ = {isa = PBXBuildFile; fileRef = BAA683891B2A5B56002C0868 /* CheckboxSelected@2x.png */; };
		BAA6838C1B2A5B56002C0868 /* CheckboxSelected@3x.png in Resources */ = {isa = PBXBuildFile; fileRef = BAA6838A1B2A5B56002C0868 /* CheckboxSelected@3x.png */; };
		BAA683931B2A5C63002C0868 /* Facebook@2x.png in Resources */ = {isa = PBXBuildFile; fileRef = BAA6838D1B2A5C63002C0868 /* Facebook@2x.png */; };
		BAA683941B2A5C63002C0868 /* Facebook@3x.png in Resources */ = {isa = PBXBuildFile; fileRef = BAA6838E1B2A5C63002C0868 /* Facebook@3x.png */; };
		BAA683951B2A5C63002C0868 /* Instagram@2x.png in Resources */ = {isa = PBXBuildFile; fileRef = BAA6838F1B2A5C63002C0868 /* Instagram@2x.png */; };
		BAA683961B2A5C63002C0868 /* Instagram@3x.png in Resources */ = {isa = PBXBuildFile; fileRef = BAA683901B2A5C63002C0868 /* Instagram@3x.png */; };
		BAA683971B2A5C63002C0868 /* Twitter@2x.png in Resources */ = {isa = PBXBuildFile; fileRef = BAA683911B2A5C63002C0868 /* Twitter@2x.png */; };
		BAA683981B2A5C63002C0868 /* Twitter@3x.png in Resources */ = {isa = PBXBuildFile; fileRef = BAA683921B2A5C63002C0868 /* Twitter@3x.png */; };
		BAE6C34E1B2B585700B2CD50 /* ContainerViewController.swift in Sources */ = {isa = PBXBuildFile; fileRef = BAE6C34D1B2B585700B2CD50 /* ContainerViewController.swift */; };
		BAE6C3501B2B5C2300B2CD50 /* UIIView+EK.swift in Sources */ = {isa = PBXBuildFile; fileRef = BAE6C34F1B2B5C2300B2CD50 /* UIIView+EK.swift */; };
		BAE6C3521B2B5E0500B2CD50 /* EKPageScrolling.swift in Sources */ = {isa = PBXBuildFile; fileRef = BAE6C3511B2B5E0500B2CD50 /* EKPageScrolling.swift */; };
		BAE7199D1B2CDAF00060F31B /* Options@2x.png in Resources */ = {isa = PBXBuildFile; fileRef = BAE7199B1B2CDAF00060F31B /* Options@2x.png */; };
		BAE7199E1B2CDAF00060F31B /* Options@3x.png in Resources */ = {isa = PBXBuildFile; fileRef = BAE7199C1B2CDAF00060F31B /* Options@3x.png */; };
		BAE719A01B2CEFD10060F31B /* BYSubmissionFinishing.swift in Sources */ = {isa = PBXBuildFile; fileRef = BAE7199F1B2CEFD10060F31B /* BYSubmissionFinishing.swift */; };
		BAE719A41B2D08860060F31B /* BYLogo.png in Resources */ = {isa = PBXBuildFile; fileRef = BAE719A31B2D08860060F31B /* BYLogo.png */; };
		BAE733C21B2409F000486B84 /* BYFont.swift in Sources */ = {isa = PBXBuildFile; fileRef = BAE733BD1B2409F000486B84 /* BYFont.swift */; };
		BAE733C31B2409F000486B84 /* BYActionButton.swift in Sources */ = {isa = PBXBuildFile; fileRef = BAE733BF1B2409F000486B84 /* BYActionButton.swift */; };
		BAE733C41B2409F000486B84 /* WelcomeViewController.swift in Sources */ = {isa = PBXBuildFile; fileRef = BAE733C11B2409F000486B84 /* WelcomeViewController.swift */; };
		BAE733C61B240A0100486B84 /* RootViewController.swift in Sources */ = {isa = PBXBuildFile; fileRef = BAE733C51B240A0100486B84 /* RootViewController.swift */; };
		BAE733C81B240EDA00486B84 /* BYColor.swift in Sources */ = {isa = PBXBuildFile; fileRef = BAE733C71B240EDA00486B84 /* BYColor.swift */; };
		BAE733CB1B24166C00486B84 /* BYSubmission.swift in Sources */ = {isa = PBXBuildFile; fileRef = BAE733CA1B24166C00486B84 /* BYSubmission.swift */; };
/* End PBXBuildFile section */

/* Begin PBXContainerItemProxy section */
		BA3E9AA31B09701D00C87C41 /* PBXContainerItemProxy */ = {
			isa = PBXContainerItemProxy;
			containerPortal = BA3E9A851B09701D00C87C41 /* Project object */;
			proxyType = 1;
			remoteGlobalIDString = BA3E9A8C1B09701D00C87C41;
			remoteInfo = BryteYouthInfoCard;
		};
/* End PBXContainerItemProxy section */

/* Begin PBXFileReference section */
		BA3E9A8D1B09701D00C87C41 /* BryteYouthInfoCard.app */ = {isa = PBXFileReference; explicitFileType = wrapper.application; includeInIndex = 0; path = BryteYouthInfoCard.app; sourceTree = BUILT_PRODUCTS_DIR; };
		BA3E9A911B09701D00C87C41 /* Info.plist */ = {isa = PBXFileReference; lastKnownFileType = text.plist.xml; path = Info.plist; sourceTree = "<group>"; };
		BA3E9A921B09701D00C87C41 /* AppDelegate.swift */ = {isa = PBXFileReference; lastKnownFileType = sourcecode.swift; path = AppDelegate.swift; sourceTree = "<group>"; };
		BA3E9A971B09701D00C87C41 /* Base */ = {isa = PBXFileReference; lastKnownFileType = file.storyboard; name = Base; path = Base.lproj/Main.storyboard; sourceTree = "<group>"; };
		BA3E9A9C1B09701D00C87C41 /* Base */ = {isa = PBXFileReference; lastKnownFileType = file.xib; name = Base; path = Base.lproj/LaunchScreen.xib; sourceTree = "<group>"; };
		BA3E9AA21B09701D00C87C41 /* BryteYouthInfoCardTests.xctest */ = {isa = PBXFileReference; explicitFileType = wrapper.cfbundle; includeInIndex = 0; path = BryteYouthInfoCardTests.xctest; sourceTree = BUILT_PRODUCTS_DIR; };
		BA3E9AA71B09701D00C87C41 /* Info.plist */ = {isa = PBXFileReference; lastKnownFileType = text.plist.xml; path = Info.plist; sourceTree = "<group>"; };
		BA3E9AA81B09701D00C87C41 /* BryteYouthInfoCardTests.swift */ = {isa = PBXFileReference; lastKnownFileType = sourcecode.swift; path = BryteYouthInfoCardTests.swift; sourceTree = "<group>"; };
		BA4212E51B1EEB2900571F81 /* Background.png */ = {isa = PBXFileReference; lastKnownFileType = image.png; path = Background.png; sourceTree = "<group>"; };
		BA4E3BFD1B275FC2006EDD17 /* InterestsViewController.swift */ = {isa = PBXFileReference; fileEncoding = 4; lastKnownFileType = sourcecode.swift; path = InterestsViewController.swift; sourceTree = "<group>"; };
		BA4E3BFF1B275FD1006EDD17 /* ProfileViewController.swift */ = {isa = PBXFileReference; fileEncoding = 4; lastKnownFileType = sourcecode.swift; path = ProfileViewController.swift; sourceTree = "<group>"; };
		BA4E3C011B275FE4006EDD17 /* AgeGroupViewController.swift */ = {isa = PBXFileReference; fileEncoding = 4; lastKnownFileType = sourcecode.swift; path = AgeGroupViewController.swift; sourceTree = "<group>"; };
		BA4E3C031B275FF2006EDD17 /* SubmitViewController.swift */ = {isa = PBXFileReference; fileEncoding = 4; lastKnownFileType = sourcecode.swift; path = SubmitViewController.swift; sourceTree = "<group>"; };
		BA4E3C051B275FF9006EDD17 /* DoneViewController.swift */ = {isa = PBXFileReference; fileEncoding = 4; lastKnownFileType = sourcecode.swift; path = DoneViewController.swift; sourceTree = "<group>"; };
		BA4E3C0A1B27779C006EDD17 /* BasePageViewController.swift */ = {isa = PBXFileReference; fileEncoding = 4; lastKnownFileType = sourcecode.swift; path = BasePageViewController.swift; sourceTree = "<group>"; };
		BA58AAB81B27B74400426109 /* BYTextField.swift */ = {isa = PBXFileReference; fileEncoding = 4; lastKnownFileType = sourcecode.swift; path = BYTextField.swift; sourceTree = "<group>"; };
		BAA6837D1B2A014A002C0868 /* BYAgeTableViewCell.swift */ = {isa = PBXFileReference; fileEncoding = 4; lastKnownFileType = sourcecode.swift; path = BYAgeTableViewCell.swift; sourceTree = "<group>"; };
		BAA6837E1B2A014A002C0868 /* BYAgeTableViewCell.xib */ = {isa = PBXFileReference; fileEncoding = 4; lastKnownFileType = file.xib; path = BYAgeTableViewCell.xib; sourceTree = "<group>"; };
		BAA683811B2A2389002C0868 /* BYCheckboxTableViewCell.swift */ = {isa = PBXFileReference; fileEncoding = 4; lastKnownFileType = sourcecode.swift; path = BYCheckboxTableViewCell.swift; sourceTree = "<group>"; };
		BAA683821B2A2389002C0868 /* BYCheckboxTableViewCell.xib */ = {isa = PBXFileReference; fileEncoding = 4; lastKnownFileType = file.xib; path = BYCheckboxTableViewCell.xib; sourceTree = "<group>"; };
		BAA683851B2A2689002C0868 /* Checkbox@2x.png */ = {isa = PBXFileReference; lastKnownFileType = image.png; path = "Checkbox@2x.png"; sourceTree = "<group>"; };
		BAA683861B2A2689002C0868 /* Checkbox@3x.png */ = {isa = PBXFileReference; lastKnownFileType = image.png; path = "Checkbox@3x.png"; sourceTree = "<group>"; };
		BAA683891B2A5B56002C0868 /* CheckboxSelected@2x.png */ = {isa = PBXFileReference; lastKnownFileType = image.png; path = "CheckboxSelected@2x.png"; sourceTree = "<group>"; };
		BAA6838A1B2A5B56002C0868 /* CheckboxSelected@3x.png */ = {isa = PBXFileReference; lastKnownFileType = image.png; path = "CheckboxSelected@3x.png"; sourceTree = "<group>"; };
		BAA6838D1B2A5C63002C0868 /* Facebook@2x.png */ = {isa = PBXFileReference; lastKnownFileType = image.png; path = "Facebook@2x.png"; sourceTree = "<group>"; };
		BAA6838E1B2A5C63002C0868 /* Facebook@3x.png */ = {isa = PBXFileReference; lastKnownFileType = image.png; path = "Facebook@3x.png"; sourceTree = "<group>"; };
		BAA6838F1B2A5C63002C0868 /* Instagram@2x.png */ = {isa = PBXFileReference; lastKnownFileType = image.png; path = "Instagram@2x.png"; sourceTree = "<group>"; };
		BAA683901B2A5C63002C0868 /* Instagram@3x.png */ = {isa = PBXFileReference; lastKnownFileType = image.png; path = "Instagram@3x.png"; sourceTree = "<group>"; };
		BAA683911B2A5C63002C0868 /* Twitter@2x.png */ = {isa = PBXFileReference; lastKnownFileType = image.png; path = "Twitter@2x.png"; sourceTree = "<group>"; };
		BAA683921B2A5C63002C0868 /* Twitter@3x.png */ = {isa = PBXFileReference; lastKnownFileType = image.png; path = "Twitter@3x.png"; sourceTree = "<group>"; };
		BAE6C34D1B2B585700B2CD50 /* ContainerViewController.swift */ = {isa = PBXFileReference; fileEncoding = 4; lastKnownFileType = sourcecode.swift; path = ContainerViewController.swift; sourceTree = "<group>"; };
		BAE6C34F1B2B5C2300B2CD50 /* UIIView+EK.swift */ = {isa = PBXFileReference; fileEncoding = 4; lastKnownFileType = sourcecode.swift; path = "UIIView+EK.swift"; sourceTree = "<group>"; };
		BAE6C3511B2B5E0500B2CD50 /* EKPageScrolling.swift */ = {isa = PBXFileReference; fileEncoding = 4; lastKnownFileType = sourcecode.swift; path = EKPageScrolling.swift; sourceTree = "<group>"; };
		BAE7199B1B2CDAF00060F31B /* Options@2x.png */ = {isa = PBXFileReference; lastKnownFileType = image.png; path = "Options@2x.png"; sourceTree = "<group>"; };
		BAE7199C1B2CDAF00060F31B /* Options@3x.png */ = {isa = PBXFileReference; lastKnownFileType = image.png; path = "Options@3x.png"; sourceTree = "<group>"; };
		BAE7199F1B2CEFD10060F31B /* BYSubmissionFinishing.swift */ = {isa = PBXFileReference; fileEncoding = 4; lastKnownFileType = sourcecode.swift; path = BYSubmissionFinishing.swift; sourceTree = "<group>"; };
		BAE719A31B2D08860060F31B /* BYLogo.png */ = {isa = PBXFileReference; lastKnownFileType = image.png; path = BYLogo.png; sourceTree = "<group>"; };
		BAE733BD1B2409F000486B84 /* BYFont.swift */ = {isa = PBXFileReference; fileEncoding = 4; lastKnownFileType = sourcecode.swift; path = BYFont.swift; sourceTree = "<group>"; };
		BAE733BF1B2409F000486B84 /* BYActionButton.swift */ = {isa = PBXFileReference; fileEncoding = 4; lastKnownFileType = sourcecode.swift; path = BYActionButton.swift; sourceTree = "<group>"; };
		BAE733C11B2409F000486B84 /* WelcomeViewController.swift */ = {isa = PBXFileReference; fileEncoding = 4; lastKnownFileType = sourcecode.swift; path = WelcomeViewController.swift; sourceTree = "<group>"; };
		BAE733C51B240A0100486B84 /* RootViewController.swift */ = {isa = PBXFileReference; fileEncoding = 4; lastKnownFileType = sourcecode.swift; path = RootViewController.swift; sourceTree = "<group>"; };
		BAE733C71B240EDA00486B84 /* BYColor.swift */ = {isa = PBXFileReference; fileEncoding = 4; lastKnownFileType = sourcecode.swift; path = BYColor.swift; sourceTree = "<group>"; };
		BAE733CA1B24166C00486B84 /* BYSubmission.swift */ = {isa = PBXFileReference; fileEncoding = 4; lastKnownFileType = sourcecode.swift; path = BYSubmission.swift; sourceTree = "<group>"; };
/* End PBXFileReference section */

/* Begin PBXFrameworksBuildPhase section */
		BA3E9A8A1B09701D00C87C41 /* Frameworks */ = {
			isa = PBXFrameworksBuildPhase;
			buildActionMask = 2147483647;
			files = (
			);
			runOnlyForDeploymentPostprocessing = 0;
		};
		BA3E9A9F1B09701D00C87C41 /* Frameworks */ = {
			isa = PBXFrameworksBuildPhase;
			buildActionMask = 2147483647;
			files = (
			);
			runOnlyForDeploymentPostprocessing = 0;
		};
/* End PBXFrameworksBuildPhase section */

/* Begin PBXGroup section */
		BA3E9A841B09701D00C87C41 = {
			isa = PBXGroup;
			children = (
				BA3E9A961B09701D00C87C41 /* Main.storyboard */,
				BA4212E11B1C290300571F81 /* Code */,
				BA4212E41B1EEB2900571F81 /* Graphics */,
				BA3E9A8F1B09701D00C87C41 /* BryteYouthInfoCard */,
				BA3E9AA51B09701D00C87C41 /* BryteYouthInfoCardTests */,
				BA3E9A8E1B09701D00C87C41 /* Products */,
			);
			sourceTree = "<group>";
		};
		BA3E9A8E1B09701D00C87C41 /* Products */ = {
			isa = PBXGroup;
			children = (
				BA3E9A8D1B09701D00C87C41 /* BryteYouthInfoCard.app */,
				BA3E9AA21B09701D00C87C41 /* BryteYouthInfoCardTests.xctest */,
			);
			name = Products;
			sourceTree = "<group>";
		};
		BA3E9A8F1B09701D00C87C41 /* BryteYouthInfoCard */ = {
			isa = PBXGroup;
			children = (
				BA3E9A921B09701D00C87C41 /* AppDelegate.swift */,
				BA3E9A9B1B09701D00C87C41 /* LaunchScreen.xib */,
				BA3E9A901B09701D00C87C41 /* Supporting Files */,
			);
			path = BryteYouthInfoCard;
			sourceTree = "<group>";
		};
		BA3E9A901B09701D00C87C41 /* Supporting Files */ = {
			isa = PBXGroup;
			children = (
				BA3E9A911B09701D00C87C41 /* Info.plist */,
			);
			name = "Supporting Files";
			sourceTree = "<group>";
		};
		BA3E9AA51B09701D00C87C41 /* BryteYouthInfoCardTests */ = {
			isa = PBXGroup;
			children = (
				BA3E9AA81B09701D00C87C41 /* BryteYouthInfoCardTests.swift */,
				BA3E9AA61B09701D00C87C41 /* Supporting Files */,
			);
			path = BryteYouthInfoCardTests;
			sourceTree = "<group>";
		};
		BA3E9AA61B09701D00C87C41 /* Supporting Files */ = {
			isa = PBXGroup;
			children = (
				BA3E9AA71B09701D00C87C41 /* Info.plist */,
			);
			name = "Supporting Files";
			sourceTree = "<group>";
		};
		BA4212E11B1C290300571F81 /* Code */ = {
			isa = PBXGroup;
			children = (
				BAE733BC1B2409F000486B84 /* Extension */,
				BAE733BE1B2409F000486B84 /* View */,
				BAE733C01B2409F000486B84 /* ViewController */,
				BA4E3C071B2760B3006EDD17 /* Protocol */,
				BAE733C91B24165200486B84 /* Model */,
			);
			path = Code;
			sourceTree = "<group>";
		};
		BA4212E41B1EEB2900571F81 /* Graphics */ = {
			isa = PBXGroup;
			children = (
				BAE719A31B2D08860060F31B /* BYLogo.png */,
				BAE7199B1B2CDAF00060F31B /* Options@2x.png */,
				BAE7199C1B2CDAF00060F31B /* Options@3x.png */,
				BAA6838D1B2A5C63002C0868 /* Facebook@2x.png */,
				BAA6838E1B2A5C63002C0868 /* Facebook@3x.png */,
				BAA6838F1B2A5C63002C0868 /* Instagram@2x.png */,
				BAA683901B2A5C63002C0868 /* Instagram@3x.png */,
				BAA683911B2A5C63002C0868 /* Twitter@2x.png */,
				BAA683921B2A5C63002C0868 /* Twitter@3x.png */,
				BAA683891B2A5B56002C0868 /* CheckboxSelected@2x.png */,
				BAA6838A1B2A5B56002C0868 /* CheckboxSelected@3x.png */,
				BAA683851B2A2689002C0868 /* Checkbox@2x.png */,
				BAA683861B2A2689002C0868 /* Checkbox@3x.png */,
				BA4212E51B1EEB2900571F81 /* Background.png */,
			);
			path = Graphics;
			sourceTree = "<group>";
		};
		BA4E3C071B2760B3006EDD17 /* Protocol */ = {
			isa = PBXGroup;
			children = (
				BAE6C3511B2B5E0500B2CD50 /* EKPageScrolling.swift */,
				BAE7199F1B2CEFD10060F31B /* BYSubmissionFinishing.swift */,
			);
			path = Protocol;
			sourceTree = "<group>";
		};
		BAE733BC1B2409F000486B84 /* Extension */ = {
			isa = PBXGroup;
			children = (
				BAE6C34F1B2B5C2300B2CD50 /* UIIView+EK.swift */,
				BAE733BD1B2409F000486B84 /* BYFont.swift */,
				BAE733C71B240EDA00486B84 /* BYColor.swift */,
			);
			path = Extension;
			sourceTree = "<group>";
		};
		BAE733BE1B2409F000486B84 /* View */ = {
			isa = PBXGroup;
			children = (
				BAE733BF1B2409F000486B84 /* BYActionButton.swift */,
				BA58AAB81B27B74400426109 /* BYTextField.swift */,
				BAA6837D1B2A014A002C0868 /* BYAgeTableViewCell.swift */,
				BAA6837E1B2A014A002C0868 /* BYAgeTableViewCell.xib */,
				BAA683811B2A2389002C0868 /* BYCheckboxTableViewCell.swift */,
				BAA683821B2A2389002C0868 /* BYCheckboxTableViewCell.xib */,
			);
			path = View;
			sourceTree = "<group>";
		};
		BAE733C01B2409F000486B84 /* ViewController */ = {
			isa = PBXGroup;
			children = (
				BAE733C51B240A0100486B84 /* RootViewController.swift */,
				BAE733C11B2409F000486B84 /* WelcomeViewController.swift */,
				BA4E3C0A1B27779C006EDD17 /* BasePageViewController.swift */,
				BA4E3BFD1B275FC2006EDD17 /* InterestsViewController.swift */,
				BA4E3BFF1B275FD1006EDD17 /* ProfileViewController.swift */,
				BA4E3C011B275FE4006EDD17 /* AgeGroupViewController.swift */,
				BA4E3C031B275FF2006EDD17 /* SubmitViewController.swift */,
				BA4E3C051B275FF9006EDD17 /* DoneViewController.swift */,
				BAE6C34D1B2B585700B2CD50 /* ContainerViewController.swift */,
			);
			path = ViewController;
			sourceTree = "<group>";
		};
		BAE733C91B24165200486B84 /* Model */ = {
			isa = PBXGroup;
			children = (
				BAE733CA1B24166C00486B84 /* BYSubmission.swift */,
			);
			path = Model;
			sourceTree = "<group>";
		};
/* End PBXGroup section */

/* Begin PBXNativeTarget section */
		BA3E9A8C1B09701D00C87C41 /* BryteYouthInfoCard */ = {
			isa = PBXNativeTarget;
			buildConfigurationList = BA3E9AAC1B09701D00C87C41 /* Build configuration list for PBXNativeTarget "BryteYouthInfoCard" */;
			buildPhases = (
				BA3E9A891B09701D00C87C41 /* Sources */,
				BA3E9A8A1B09701D00C87C41 /* Frameworks */,
				BA3E9A8B1B09701D00C87C41 /* Resources */,
			);
			buildRules = (
			);
			dependencies = (
			);
			name = BryteYouthInfoCard;
			productName = BryteYouthInfoCard;
			productReference = BA3E9A8D1B09701D00C87C41 /* BryteYouthInfoCard.app */;
			productType = "com.apple.product-type.application";
		};
		BA3E9AA11B09701D00C87C41 /* BryteYouthInfoCardTests */ = {
			isa = PBXNativeTarget;
			buildConfigurationList = BA3E9AAF1B09701D00C87C41 /* Build configuration list for PBXNativeTarget "BryteYouthInfoCardTests" */;
			buildPhases = (
				BA3E9A9E1B09701D00C87C41 /* Sources */,
				BA3E9A9F1B09701D00C87C41 /* Frameworks */,
				BA3E9AA01B09701D00C87C41 /* Resources */,
			);
			buildRules = (
			);
			dependencies = (
				BA3E9AA41B09701D00C87C41 /* PBXTargetDependency */,
			);
			name = BryteYouthInfoCardTests;
			productName = BryteYouthInfoCardTests;
			productReference = BA3E9AA21B09701D00C87C41 /* BryteYouthInfoCardTests.xctest */;
			productType = "com.apple.product-type.bundle.unit-test";
		};
/* End PBXNativeTarget section */

/* Begin PBXProject section */
		BA3E9A851B09701D00C87C41 /* Project object */ = {
			isa = PBXProject;
			attributes = {
				LastUpgradeCheck = 0630;
				ORGANIZATIONNAME = "Eddie Kaiger";
				TargetAttributes = {
					BA3E9A8C1B09701D00C87C41 = {
						CreatedOnToolsVersion = 6.3.1;
					};
					BA3E9AA11B09701D00C87C41 = {
						CreatedOnToolsVersion = 6.3.1;
						TestTargetID = BA3E9A8C1B09701D00C87C41;
					};
				};
			};
			buildConfigurationList = BA3E9A881B09701D00C87C41 /* Build configuration list for PBXProject "BryteYouthInfoCard" */;
			compatibilityVersion = "Xcode 3.2";
			developmentRegion = English;
			hasScannedForEncodings = 0;
			knownRegions = (
				en,
				Base,
			);
			mainGroup = BA3E9A841B09701D00C87C41;
			productRefGroup = BA3E9A8E1B09701D00C87C41 /* Products */;
			projectDirPath = "";
			projectRoot = "";
			targets = (
				BA3E9A8C1B09701D00C87C41 /* BryteYouthInfoCard */,
				BA3E9AA11B09701D00C87C41 /* BryteYouthInfoCardTests */,
			);
		};
/* End PBXProject section */

/* Begin PBXResourcesBuildPhase section */
		BA3E9A8B1B09701D00C87C41 /* Resources */ = {
			isa = PBXResourcesBuildPhase;
			buildActionMask = 2147483647;
			files = (
				BAA683841B2A2389002C0868 /* BYCheckboxTableViewCell.xib in Resources */,
				BA4212E61B1EEB2900571F81 /* Background.png in Resources */,
				BAA683961B2A5C63002C0868 /* Instagram@3x.png in Resources */,
				BAA683941B2A5C63002C0868 /* Facebook@3x.png in Resources */,
				BAA683931B2A5C63002C0868 /* Facebook@2x.png in Resources */,
				BAE7199E1B2CDAF00060F31B /* Options@3x.png in Resources */,
				BAA6838C1B2A5B56002C0868 /* CheckboxSelected@3x.png in Resources */,
				BA3E9A981B09701D00C87C41 /* Main.storyboard in Resources */,
				BAE7199D1B2CDAF00060F31B /* Options@2x.png in Resources */,
				BAA683801B2A014A002C0868 /* BYAgeTableViewCell.xib in Resources */,
				BAA6838B1B2A5B56002C0868 /* CheckboxSelected@2x.png in Resources */,
				BA3E9A9D1B09701D00C87C41 /* LaunchScreen.xib in Resources */,
				BAA683981B2A5C63002C0868 /* Twitter@3x.png in Resources */,
				BAA683871B2A2689002C0868 /* Checkbox@2x.png in Resources */,
				BAA683881B2A2689002C0868 /* Checkbox@3x.png in Resources */,
				BAE719A41B2D08860060F31B /* BYLogo.png in Resources */,
				BAA683971B2A5C63002C0868 /* Twitter@2x.png in Resources */,
				BAA683951B2A5C63002C0868 /* Instagram@2x.png in Resources */,
			);
			runOnlyForDeploymentPostprocessing = 0;
		};
		BA3E9AA01B09701D00C87C41 /* Resources */ = {
			isa = PBXResourcesBuildPhase;
			buildActionMask = 2147483647;
			files = (
			);
			runOnlyForDeploymentPostprocessing = 0;
		};
/* End PBXResourcesBuildPhase section */

/* Begin PBXSourcesBuildPhase section */
		BA3E9A891B09701D00C87C41 /* Sources */ = {
			isa = PBXSourcesBuildPhase;
			buildActionMask = 2147483647;
			files = (
				BA4E3C021B275FE4006EDD17 /* AgeGroupViewController.swift in Sources */,
				BA4E3BFE1B275FC2006EDD17 /* InterestsViewController.swift in Sources */,
				BA4E3C0B1B27779C006EDD17 /* BasePageViewController.swift in Sources */,
				BAE733C61B240A0100486B84 /* RootViewController.swift in Sources */,
				BAE733C31B2409F000486B84 /* BYActionButton.swift in Sources */,
				BA4E3C061B275FF9006EDD17 /* DoneViewController.swift in Sources */,
				BAE733C41B2409F000486B84 /* WelcomeViewController.swift in Sources */,
				BA3E9A931B09701D00C87C41 /* AppDelegate.swift in Sources */,
				BAE733C81B240EDA00486B84 /* BYColor.swift in Sources */,
				BA58AAB91B27B74400426109 /* BYTextField.swift in Sources */,
				BA4E3C001B275FD1006EDD17 /* ProfileViewController.swift in Sources */,
				BA4E3C041B275FF2006EDD17 /* SubmitViewController.swift in Sources */,
				BAE6C3501B2B5C2300B2CD50 /* UIIView+EK.swift in Sources */,
				BAE6C3521B2B5E0500B2CD50 /* EKPageScrolling.swift in Sources */,
				BAE733C21B2409F000486B84 /* BYFont.swift in Sources */,
				BAA6837F1B2A014A002C0868 /* BYAgeTableViewCell.swift in Sources */,
				BAE719A01B2CEFD10060F31B /* BYSubmissionFinishing.swift in Sources */,
				BAE733CB1B24166C00486B84 /* BYSubmission.swift in Sources */,
				BAE6C34E1B2B585700B2CD50 /* ContainerViewController.swift in Sources */,
				BAA683831B2A2389002C0868 /* BYCheckboxTableViewCell.swift in Sources */,
			);
			runOnlyForDeploymentPostprocessing = 0;
		};
		BA3E9A9E1B09701D00C87C41 /* Sources */ = {
			isa = PBXSourcesBuildPhase;
			buildActionMask = 2147483647;
			files = (
				BA3E9AA91B09701D00C87C41 /* BryteYouthInfoCardTests.swift in Sources */,
			);
			runOnlyForDeploymentPostprocessing = 0;
		};
/* End PBXSourcesBuildPhase section */

/* Begin PBXTargetDependency section */
		BA3E9AA41B09701D00C87C41 /* PBXTargetDependency */ = {
			isa = PBXTargetDependency;
			target = BA3E9A8C1B09701D00C87C41 /* BryteYouthInfoCard */;
			targetProxy = BA3E9AA31B09701D00C87C41 /* PBXContainerItemProxy */;
		};
/* End PBXTargetDependency section */

/* Begin PBXVariantGroup section */
		BA3E9A961B09701D00C87C41 /* Main.storyboard */ = {
			isa = PBXVariantGroup;
			children = (
				BA3E9A971B09701D00C87C41 /* Base */,
			);
			name = Main.storyboard;
			path = BryteYouthInfoCard;
			sourceTree = "<group>";
		};
		BA3E9A9B1B09701D00C87C41 /* LaunchScreen.xib */ = {
			isa = PBXVariantGroup;
			children = (
				BA3E9A9C1B09701D00C87C41 /* Base */,
			);
			name = LaunchScreen.xib;
			sourceTree = "<group>";
		};
/* End PBXVariantGroup section */

/* Begin XCBuildConfiguration section */
		BA3E9AAA1B09701D00C87C41 /* Debug */ = {
			isa = XCBuildConfiguration;
			buildSettings = {
				ALWAYS_SEARCH_USER_PATHS = NO;
				CLANG_CXX_LANGUAGE_STANDARD = "gnu++0x";
				CLANG_CXX_LIBRARY = "libc++";
				CLANG_ENABLE_MODULES = YES;
				CLANG_ENABLE_OBJC_ARC = YES;
				CLANG_WARN_BOOL_CONVERSION = YES;
				CLANG_WARN_CONSTANT_CONVERSION = YES;
				CLANG_WARN_DIRECT_OBJC_ISA_USAGE = YES_ERROR;
				CLANG_WARN_EMPTY_BODY = YES;
				CLANG_WARN_ENUM_CONVERSION = YES;
				CLANG_WARN_INT_CONVERSION = YES;
				CLANG_WARN_OBJC_ROOT_CLASS = YES_ERROR;
				CLANG_WARN_UNREACHABLE_CODE = YES;
				CLANG_WARN__DUPLICATE_METHOD_MATCH = YES;
				"CODE_SIGN_IDENTITY[sdk=iphoneos*]" = "iPhone Developer";
				COPY_PHASE_STRIP = NO;
				DEBUG_INFORMATION_FORMAT = "dwarf-with-dsym";
				ENABLE_STRICT_OBJC_MSGSEND = YES;
				GCC_C_LANGUAGE_STANDARD = gnu99;
				GCC_DYNAMIC_NO_PIC = NO;
				GCC_NO_COMMON_BLOCKS = YES;
				GCC_OPTIMIZATION_LEVEL = 0;
				GCC_PREPROCESSOR_DEFINITIONS = (
					"DEBUG=1",
					"$(inherited)",
				);
				GCC_SYMBOLS_PRIVATE_EXTERN = NO;
				GCC_WARN_64_TO_32_BIT_CONVERSION = YES;
				GCC_WARN_ABOUT_RETURN_TYPE = YES_ERROR;
				GCC_WARN_UNDECLARED_SELECTOR = YES;
				GCC_WARN_UNINITIALIZED_AUTOS = YES_AGGRESSIVE;
				GCC_WARN_UNUSED_FUNCTION = YES;
				GCC_WARN_UNUSED_VARIABLE = YES;
				IPHONEOS_DEPLOYMENT_TARGET = 8.3;
				MTL_ENABLE_DEBUG_INFO = YES;
				ONLY_ACTIVE_ARCH = YES;
				SDKROOT = iphoneos;
				SWIFT_OPTIMIZATION_LEVEL = "-Onone";
				TARGETED_DEVICE_FAMILY = 2;
			};
			name = Debug;
		};
		BA3E9AAB1B09701D00C87C41 /* Release */ = {
			isa = XCBuildConfiguration;
			buildSettings = {
				ALWAYS_SEARCH_USER_PATHS = NO;
				CLANG_CXX_LANGUAGE_STANDARD = "gnu++0x";
				CLANG_CXX_LIBRARY = "libc++";
				CLANG_ENABLE_MODULES = YES;
				CLANG_ENABLE_OBJC_ARC = YES;
				CLANG_WARN_BOOL_CONVERSION = YES;
				CLANG_WARN_CONSTANT_CONVERSION = YES;
				CLANG_WARN_DIRECT_OBJC_ISA_USAGE = YES_ERROR;
				CLANG_WARN_EMPTY_BODY = YES;
				CLANG_WARN_ENUM_CONVERSION = YES;
				CLANG_WARN_INT_CONVERSION = YES;
				CLANG_WARN_OBJC_ROOT_CLASS = YES_ERROR;
				CLANG_WARN_UNREACHABLE_CODE = YES;
				CLANG_WARN__DUPLICATE_METHOD_MATCH = YES;
				"CODE_SIGN_IDENTITY[sdk=iphoneos*]" = "iPhone Developer";
				COPY_PHASE_STRIP = NO;
				DEBUG_INFORMATION_FORMAT = "dwarf-with-dsym";
				ENABLE_NS_ASSERTIONS = NO;
				ENABLE_STRICT_OBJC_MSGSEND = YES;
				GCC_C_LANGUAGE_STANDARD = gnu99;
				GCC_NO_COMMON_BLOCKS = YES;
				GCC_WARN_64_TO_32_BIT_CONVERSION = YES;
				GCC_WARN_ABOUT_RETURN_TYPE = YES_ERROR;
				GCC_WARN_UNDECLARED_SELECTOR = YES;
				GCC_WARN_UNINITIALIZED_AUTOS = YES_AGGRESSIVE;
				GCC_WARN_UNUSED_FUNCTION = YES;
				GCC_WARN_UNUSED_VARIABLE = YES;
				IPHONEOS_DEPLOYMENT_TARGET = 8.3;
				MTL_ENABLE_DEBUG_INFO = NO;
				SDKROOT = iphoneos;
				TARGETED_DEVICE_FAMILY = 2;
				VALIDATE_PRODUCT = YES;
			};
			name = Release;
		};
		BA3E9AAD1B09701D00C87C41 /* Debug */ = {
			isa = XCBuildConfiguration;
			buildSettings = {
				ASSETCATALOG_COMPILER_APPICON_NAME = AppIcon;
				INFOPLIST_FILE = BryteYouthInfoCard/Info.plist;
				LD_RUNPATH_SEARCH_PATHS = "$(inherited) @executable_path/Frameworks";
				PRODUCT_NAME = "$(TARGET_NAME)";
			};
			name = Debug;
		};
		BA3E9AAE1B09701D00C87C41 /* Release */ = {
			isa = XCBuildConfiguration;
			buildSettings = {
				ASSETCATALOG_COMPILER_APPICON_NAME = AppIcon;
				INFOPLIST_FILE = BryteYouthInfoCard/Info.plist;
				LD_RUNPATH_SEARCH_PATHS = "$(inherited) @executable_path/Frameworks";
				PRODUCT_NAME = "$(TARGET_NAME)";
			};
			name = Release;
		};
		BA3E9AB01B09701D00C87C41 /* Debug */ = {
			isa = XCBuildConfiguration;
			buildSettings = {
				BUNDLE_LOADER = "$(TEST_HOST)";
				FRAMEWORK_SEARCH_PATHS = (
					"$(SDKROOT)/Developer/Library/Frameworks",
					"$(inherited)",
				);
				GCC_PREPROCESSOR_DEFINITIONS = (
					"DEBUG=1",
					"$(inherited)",
				);
				INFOPLIST_FILE = BryteYouthInfoCardTests/Info.plist;
				LD_RUNPATH_SEARCH_PATHS = "$(inherited) @executable_path/Frameworks @loader_path/Frameworks";
				PRODUCT_NAME = "$(TARGET_NAME)";
				TEST_HOST = "$(BUILT_PRODUCTS_DIR)/BryteYouthInfoCard.app/BryteYouthInfoCard";
			};
			name = Debug;
		};
		BA3E9AB11B09701D00C87C41 /* Release */ = {
			isa = XCBuildConfiguration;
			buildSettings = {
				BUNDLE_LOADER = "$(TEST_HOST)";
				FRAMEWORK_SEARCH_PATHS = (
					"$(SDKROOT)/Developer/Library/Frameworks",
					"$(inherited)",
				);
				INFOPLIST_FILE = BryteYouthInfoCardTests/Info.plist;
				LD_RUNPATH_SEARCH_PATHS = "$(inherited) @executable_path/Frameworks @loader_path/Frameworks";
				PRODUCT_NAME = "$(TARGET_NAME)";
				TEST_HOST = "$(BUILT_PRODUCTS_DIR)/BryteYouthInfoCard.app/BryteYouthInfoCard";
			};
			name = Release;
		};
/* End XCBuildConfiguration section */

/* Begin XCConfigurationList section */
		BA3E9A881B09701D00C87C41 /* Build configuration list for PBXProject "BryteYouthInfoCard" */ = {
			isa = XCConfigurationList;
			buildConfigurations = (
				BA3E9AAA1B09701D00C87C41 /* Debug */,
				BA3E9AAB1B09701D00C87C41 /* Release */,
			);
			defaultConfigurationIsVisible = 0;
			defaultConfigurationName = Release;
		};
		BA3E9AAC1B09701D00C87C41 /* Build configuration list for PBXNativeTarget "BryteYouthInfoCard" */ = {
			isa = XCConfigurationList;
			buildConfigurations = (
				BA3E9AAD1B09701D00C87C41 /* Debug */,
				BA3E9AAE1B09701D00C87C41 /* Release */,
			);
			defaultConfigurationIsVisible = 0;
			defaultConfigurationName = Release;
		};
		BA3E9AAF1B09701D00C87C41 /* Build configuration list for PBXNativeTarget "BryteYouthInfoCardTests" */ = {
			isa = XCConfigurationList;
			buildConfigurations = (
				BA3E9AB01B09701D00C87C41 /* Debug */,
				BA3E9AB11B09701D00C87C41 /* Release */,
			);
			defaultConfigurationIsVisible = 0;
			defaultConfigurationName = Release;
		};
/* End XCConfigurationList section */
	};
	rootObject = BA3E9A851B09701D00C87C41 /* Project object */;
}
